
Microsoft Visual Studio Solution File, Format Version 12.00
# Visual Studio Version 16
VisualStudioVersion = 16.0.29613.14
MinimumVisualStudioVersion = 10.0.40219.1
Project("{FAE04EC0-301F-11D3-BF4B-00C04F79EFBC}") = "NQuant", "NQuant\NQuant.csproj", "{DE8BB234-FFF7-47EC-BEA8-F5AB4D19B66F}"
EndProject
Project("{9A19103F-16F7-4668-BE54-9A1E7A4F7556}") = "NQuantAot", "NQuantAot\NQuantAot.csproj", "{9002B07C-1666-42ED-AB70-DA783368C476}"
EndProject
Global
	GlobalSection(SolutionConfigurationPlatforms) = preSolution
		Debug|Any CPU = Debug|Any CPU
		Debug|x86 = Debug|x86
		Release|Any CPU = Release|Any CPU
		Release|x86 = Release|x86
	EndGlobalSection
	GlobalSection(ProjectConfigurationPlatforms) = postSolution
		{DE8BB234-FFF7-47EC-BEA8-F5AB4D19B66F}.Debug|Any CPU.ActiveCfg = Debug|Any CPU
		{DE8BB234-FFF7-47EC-BEA8-F5AB4D19B66F}.Debug|Any CPU.Build.0 = Debug|Any CPU
		{DE8BB234-FFF7-47EC-BEA8-F5AB4D19B66F}.Debug|x86.ActiveCfg = Debug|Any CPU
		{DE8BB234-FFF7-47EC-BEA8-F5AB4D19B66F}.Debug|x86.Build.0 = Debug|Any CPU
		{DE8BB234-FFF7-47EC-BEA8-F5AB4D19B66F}.Release|Any CPU.ActiveCfg = Release|Any CPU
		{DE8BB234-FFF7-47EC-BEA8-F5AB4D19B66F}.Release|Any CPU.Build.0 = Release|Any CPU
		{DE8BB234-FFF7-47EC-BEA8-F5AB4D19B66F}.Release|x86.ActiveCfg = Release|Any CPU
		{DE8BB234-FFF7-47EC-BEA8-F5AB4D19B66F}.Release|x86.Build.0 = Release|Any CPU
		{9002B07C-1666-42ED-AB70-DA783368C476}.Debug|Any CPU.ActiveCfg = Debug|Any CPU
		{9002B07C-1666-42ED-AB70-DA783368C476}.Debug|Any CPU.Build.0 = Debug|Any CPU
		{9002B07C-1666-42ED-AB70-DA783368C476}.Debug|x86.ActiveCfg = Debug|Any CPU
		{9002B07C-1666-42ED-AB70-DA783368C476}.Debug|x86.Build.0 = Debug|Any CPU
		{9002B07C-1666-42ED-AB70-DA783368C476}.Release|Any CPU.ActiveCfg = Release|Any CPU
		{9002B07C-1666-42ED-AB70-DA783368C476}.Release|Any CPU.Build.0 = Release|Any CPU
		{9002B07C-1666-42ED-AB70-DA783368C476}.Release|x86.ActiveCfg = Release|Any CPU
		{9002B07C-1666-42ED-AB70-DA783368C476}.Release|x86.Build.0 = Release|Any CPU
	EndGlobalSection
	GlobalSection(SolutionProperties) = preSolution
		HideSolutionNode = FALSE
	EndGlobalSection
	GlobalSection(ExtensibilityGlobals) = postSolution
		SolutionGuid = {C55F0260-FC85-4CED-9D25-FC754AD43319}
	EndGlobalSection
EndGlobal
